// !$*UTF8*$!
{
	archiveVersion = 1;
	classes = {
	};
	objectVersion = 56;
	objects = {

/* Begin PBXBuildFile section */
		E439BA442B6055EB00B27E82 /* AppDelegate.swift in Sources */ = {isa = PBXBuildFile; fileRef = E439BA432B6055EB00B27E82 /* AppDelegate.swift */; };
		E439BA462B6055EB00B27E82 /* SceneDelegate.swift in Sources */ = {isa = PBXBuildFile; fileRef = E439BA452B6055EB00B27E82 /* SceneDelegate.swift */; };
		E439BA482B6055EB00B27E82 /* ViewController.swift in Sources */ = {isa = PBXBuildFile; fileRef = E439BA472B6055EB00B27E82 /* ViewController.swift */; };
		E439BA4B2B6055EB00B27E82 /* Main.storyboard in Resources */ = {isa = PBXBuildFile; fileRef = E439BA492B6055EB00B27E82 /* Main.storyboard */; };
		E439BA4D2B6055EC00B27E82 /* Assets.xcassets in Resources */ = {isa = PBXBuildFile; fileRef = E439BA4C2B6055EC00B27E82 /* Assets.xcassets */; };
		E439BA502B6055EC00B27E82 /* LaunchScreen.storyboard in Resources */ = {isa = PBXBuildFile; fileRef = E439BA4E2B6055EC00B27E82 /* LaunchScreen.storyboard */; };
		E439BA592B60563400B27E82 /* Swinject in Frameworks */ = {isa = PBXBuildFile; productRef = E439BA582B60563400B27E82 /* Swinject */; };
		E439BA5B2B60587200B27E82 /* BackgroundProviderProtocol.swift in Sources */ = {isa = PBXBuildFile; fileRef = E439BA5A2B60587200B27E82 /* BackgroundProviderProtocol.swift */; };
		E439BA5D2B6058BA00B27E82 /* BackgroundProvidingClass.swift in Sources */ = {isa = PBXBuildFile; fileRef = E439BA5C2B6058BA00B27E82 /* BackgroundProvidingClass.swift */; };
		E439BA5F2B605A0800B27E82 /* AnotherVC.swift in Sources */ = {isa = PBXBuildFile; fileRef = E439BA5E2B605A0800B27E82 /* AnotherVC.swift */; };
/* End PBXBuildFile section */

/* Begin PBXFileReference section */
		E439BA402B6055EB00B27E82 /* SwiftDependencyInjc.app */ = {isa = PBXFileReference; explicitFileType = wrapper.application; includeInIndex = 0; path = SwiftDependencyInjc.app; sourceTree = BUILT_PRODUCTS_DIR; };
		E439BA432B6055EB00B27E82 /* AppDelegate.swift */ = {isa = PBXFileReference; lastKnownFileType = sourcecode.swift; path = AppDelegate.swift; sourceTree = "<group>"; };
		E439BA452B6055EB00B27E82 /* SceneDelegate.swift */ = {isa = PBXFileReference; lastKnownFileType = sourcecode.swift; path = SceneDelegate.swift; sourceTree = "<group>"; };
		E439BA472B6055EB00B27E82 /* ViewController.swift */ = {isa = PBXFileReference; lastKnownFileType = sourcecode.swift; path = ViewController.swift; sourceTree = "<group>"; };
		E439BA4A2B6055EB00B27E82 /* Base */ = {isa = PBXFileReference; lastKnownFileType = file.storyboard; name = Base; path = Base.lproj/Main.storyboard; sourceTree = "<group>"; };
		E439BA4C2B6055EC00B27E82 /* Assets.xcassets */ = {isa = PBXFileReference; lastKnownFileType = folder.assetcatalog; path = Assets.xcassets; sourceTree = "<group>"; };
		E439BA4F2B6055EC00B27E82 /* Base */ = {isa = PBXFileReference; lastKnownFileType = file.storyboard; name = Base; path = Base.lproj/LaunchScreen.storyboard; sourceTree = "<group>"; };
		E439BA512B6055EC00B27E82 /* Info.plist */ = {isa = PBXFileReference; lastKnownFileType = text.plist.xml; path = Info.plist; sourceTree = "<group>"; };
		E439BA5A2B60587200B27E82 /* BackgroundProviderProtocol.swift */ = {isa = PBXFileReference; lastKnownFileType = sourcecode.swift; path = BackgroundProviderProtocol.swift; sourceTree = "<group>"; };
		E439BA5C2B6058BA00B27E82 /* BackgroundProvidingClass.swift */ = {isa = PBXFileReference; lastKnownFileType = sourcecode.swift; path = BackgroundProvidingClass.swift; sourceTree = "<group>"; };
		E439BA5E2B605A0800B27E82 /* AnotherVC.swift */ = {isa = PBXFileReference; lastKnownFileType = sourcecode.swift; path = AnotherVC.swift; sourceTree = "<group>"; };
/* End PBXFileReference section */

/* Begin PBXFrameworksBuildPhase section */
		E439BA3D2B6055EB00B27E82 /* Frameworks */ = {
			isa = PBXFrameworksBuildPhase;
			buildActionMask = 2147483647;
			files = (
				E439BA592B60563400B27E82 /* Swinject in Frameworks */,
			);
			runOnlyForDeploymentPostprocessing = 0;
		};
/* End PBXFrameworksBuildPhase section */

/* Begin PBXGroup section */
		E439BA372B6055EB00B27E82 = {
			isa = PBXGroup;
			children = (
				E439BA422B6055EB00B27E82 /* SwiftDependencyInjc */,
				E439BA412B6055EB00B27E82 /* Products */,
			);
			sourceTree = "<group>";
		};
		E439BA412B6055EB00B27E82 /* Products */ = {
			isa = PBXGroup;
			children = (
				E439BA402B6055EB00B27E82 /* SwiftDependencyInjc.app */,
			);
			name = Products;
			sourceTree = "<group>";
		};
		E439BA422B6055EB00B27E82 /* SwiftDependencyInjc */ = {
			isa = PBXGroup;
			children = (
				E439BA432B6055EB00B27E82 /* AppDelegate.swift */,
				E439BA452B6055EB00B27E82 /* SceneDelegate.swift */,
				E439BA472B6055EB00B27E82 /* ViewController.swift */,
				E439BA492B6055EB00B27E82 /* Main.storyboard */,
				E439BA4C2B6055EC00B27E82 /* Assets.xcassets */,
				E439BA4E2B6055EC00B27E82 /* LaunchScreen.storyboard */,
				E439BA512B6055EC00B27E82 /* Info.plist */,
				E439BA5A2B60587200B27E82 /* BackgroundProviderProtocol.swift */,
				E439BA5C2B6058BA00B27E82 /* BackgroundProvidingClass.swift */,
				E439BA5E2B605A0800B27E82 /* AnotherVC.swift */,
			);
			path = SwiftDependencyInjc;
			sourceTree = "<group>";
		};
/* End PBXGroup section */

/* Begin PBXNativeTarget section */
		E439BA3F2B6055EB00B27E82 /* SwiftDependencyInjc */ = {
			isa = PBXNativeTarget;
			buildConfigurationList = E439BA542B6055EC00B27E82 /* Build configuration list for PBXNativeTarget "SwiftDependencyInjc" */;
			buildPhases = (
				E439BA3C2B6055EB00B27E82 /* Sources */,
				E439BA3D2B6055EB00B27E82 /* Frameworks */,
				E439BA3E2B6055EB00B27E82 /* Resources */,
			);
			buildRules = (
			);
			dependencies = (
			);
			name = SwiftDependencyInjc;
			packageProductDependencies = (
				E439BA582B60563400B27E82 /* Swinject */,
			);
			productName = SwiftDependencyInjc;
			productReference = E439BA402B6055EB00B27E82 /* SwiftDependencyInjc.app */;
			productType = "com.apple.product-type.application";
		};
/* End PBXNativeTarget section */

/* Begin PBXProject section */
		E439BA382B6055EB00B27E82 /* Project object */ = {
			isa = PBXProject;
			attributes = {
				BuildIndependentTargetsInParallel = 1;
				LastSwiftUpdateCheck = 1430;
				LastUpgradeCheck = 1430;
				TargetAttributes = {
					E439BA3F2B6055EB00B27E82 = {
						CreatedOnToolsVersion = 14.3.1;
					};
				};
			};
			buildConfigurationList = E439BA3B2B6055EB00B27E82 /* Build configuration list for PBXProject "SwiftDependencyInjc" */;
			compatibilityVersion = "Xcode 14.0";
			developmentRegion = en;
			hasScannedForEncodings = 0;
			knownRegions = (
				en,
				Base,
			);
			mainGroup = E439BA372B6055EB00B27E82;
			packageReferences = (
				E439BA572B60563400B27E82 /* XCRemoteSwiftPackageReference "Swinject" */,
			);
			productRefGroup = E439BA412B6055EB00B27E82 /* Products */;
			projectDirPath = "";
			projectRoot = "";
			targets = (
				E439BA3F2B6055EB00B27E82 /* SwiftDependencyInjc */,
			);
		};
/* End PBXProject section */

/* Begin PBXResourcesBuildPhase section */
		E439BA3E2B6055EB00B27E82 /* Resources */ = {
			isa = PBXResourcesBuildPhase;
			buildActionMask = 2147483647;
			files = (
				E439BA502B6055EC00B27E82 /* LaunchScreen.storyboard in Resources */,
				E439BA4D2B6055EC00B27E82 /* Assets.xcassets in Resources */,
				E439BA4B2B6055EB00B27E82 /* Main.storyboard in Resources */,
			);
			runOnlyForDeploymentPostprocessing = 0;
		};
/* End PBXResourcesBuildPhase section */

/* Begin PBXSourcesBuildPhase section */
		E439BA3C2B6055EB00B27E82 /* Sources */ = {
			isa = PBXSourcesBuildPhase;
			buildActionMask = 2147483647;
			files = (
				E439BA5B2B60587200B27E82 /* BackgroundProviderProtocol.swift in Sources */,
				E439BA482B6055EB00B27E82 /* ViewController.swift in Sources */,
				E439BA442B6055EB00B27E82 /* AppDelegate.swift in Sources */,
				E439BA5D2B6058BA00B27E82 /* BackgroundProvidingClass.swift in Sources */,
				E439BA5F2B605A0800B27E82 /* AnotherVC.swift in Sources */,
				E439BA462B6055EB00B27E82 /* SceneDelegate.swift in Sources */,
			);
			runOnlyForDeploymentPostprocessing = 0;
		};
/* End PBXSourcesBuildPhase section */

/* Begin PBXVariantGroup section */
		E439BA492B6055EB00B27E82 /* Main.storyboard */ = {
			isa = PBXVariantGroup;
			children = (
				E439BA4A2B6055EB00B27E82 /* Base */,
			);
			name = Main.storyboard;
			sourceTree = "<group>";
		};
		E439BA4E2B6055EC00B27E82 /* LaunchScreen.storyboard */ = {
			isa = PBXVariantGroup;
			children = (
				E439BA4F2B6055EC00B27E82 /* Base */,
			);
			name = LaunchScreen.storyboard;
			sourceTree = "<group>";
		};
/* End PBXVariantGroup section */

/* Begin XCBuildConfiguration section */
		E439BA522B6055EC00B27E82 /* Debug */ = {
			isa = XCBuildConfiguration;
			buildSettings = {
				ALWAYS_SEARCH_USER_PATHS = NO;
				CLANG_ANALYZER_NONNULL = YES;
				CLANG_ANALYZER_NUMBER_OBJECT_CONVERSION = YES_AGGRESSIVE;
				CLANG_CXX_LANGUAGE_STANDARD = "gnu++20";
				CLANG_ENABLE_MODULES = YES;
				CLANG_ENABLE_OBJC_ARC = YES;
				CLANG_ENABLE_OBJC_WEAK = YES;
				CLANG_WARN_BLOCK_CAPTURE_AUTORELEASING = YES;
				CLANG_WARN_BOOL_CONVERSION = YES;
				CLANG_WARN_COMMA = YES;
				CLANG_WARN_CONSTANT_CONVERSION = YES;
				CLANG_WARN_DEPRECATED_OBJC_IMPLEMENTATIONS = YES;
				CLANG_WARN_DIRECT_OBJC_ISA_USAGE = YES_ERROR;
				CLANG_WARN_DOCUMENTATION_COMMENTS = YES;
				CLANG_WARN_EMPTY_BODY = YES;
				CLANG_WARN_ENUM_CONVERSION = YES;
				CLANG_WARN_INFINITE_RECURSION = YES;
				CLANG_WARN_INT_CONVERSION = YES;
				CLANG_WARN_NON_LITERAL_NULL_CONVERSION = YES;
				CLANG_WARN_OBJC_IMPLICIT_RETAIN_SELF = YES;
				CLANG_WARN_OBJC_LITERAL_CONVERSION = YES;
				CLANG_WARN_OBJC_ROOT_CLASS = YES_ERROR;
				CLANG_WARN_QUOTED_INCLUDE_IN_FRAMEWORK_HEADER = YES;
				CLANG_WARN_RANGE_LOOP_ANALYSIS = YES;
				CLANG_WARN_STRICT_PROTOTYPES = YES;
				CLANG_WARN_SUSPICIOUS_MOVE = YES;
				CLANG_WARN_UNGUARDED_AVAILABILITY = YES_AGGRESSIVE;
				CLANG_WARN_UNREACHABLE_CODE = YES;
				CLANG_WARN__DUPLICATE_METHOD_MATCH = YES;
				COPY_PHASE_STRIP = NO;
				DEBUG_INFORMATION_FORMAT = dwarf;
				ENABLE_STRICT_OBJC_MSGSEND = YES;
				ENABLE_TESTABILITY = YES;
				GCC_C_LANGUAGE_STANDARD = gnu11;
				GCC_DYNAMIC_NO_PIC = NO;
				GCC_NO_COMMON_BLOCKS = YES;
				GCC_OPTIMIZATION_LEVEL = 0;
				GCC_PREPROCESSOR_DEFINITIONS = (
					"DEBUG=1",
					"$(inherited)",
				);
				GCC_WARN_64_TO_32_BIT_CONVERSION = YES;
				GCC_WARN_ABOUT_RETURN_TYPE = YES_ERROR;
				GCC_WARN_UNDECLARED_SELECTOR = YES;
				GCC_WARN_UNINITIALIZED_AUTOS = YES_AGGRESSIVE;
				GCC_WARN_UNUSED_FUNCTION = YES;
				GCC_WARN_UNUSED_VARIABLE = YES;
				IPHONEOS_DEPLOYMENT_TARGET = 16.4;
				MTL_ENABLE_DEBUG_INFO = INCLUDE_SOURCE;
				MTL_FAST_MATH = YES;
				ONLY_ACTIVE_ARCH = YES;
				SDKROOT = iphoneos;
				SWIFT_ACTIVE_COMPILATION_CONDITIONS = DEBUG;
				SWIFT_OPTIMIZATION_LEVEL = "-Onone";
			};
			name = Debug;
		};
		E439BA532B6055EC00B27E82 /* Release */ = {
			isa = XCBuildConfiguration;
			buildSettings = {
				ALWAYS_SEARCH_USER_PATHS = NO;
				CLANG_ANALYZER_NONNULL = YES;
				CLANG_ANALYZER_NUMBER_OBJECT_CONVERSION = YES_AGGRESSIVE;
				CLANG_CXX_LANGUAGE_STANDARD = "gnu++20";
				CLANG_ENABLE_MODULES = YES;
				CLANG_ENABLE_OBJC_ARC = YES;
				CLANG_ENABLE_OBJC_WEAK = YES;
				CLANG_WARN_BLOCK_CAPTURE_AUTORELEASING = YES;
				CLANG_WARN_BOOL_CONVERSION = YES;
				CLANG_WARN_COMMA = YES;
				CLANG_WARN_CONSTANT_CONVERSION = YES;
				CLANG_WARN_DEPRECATED_OBJC_IMPLEMENTATIONS = YES;
				CLANG_WARN_DIRECT_OBJC_ISA_USAGE = YES_ERROR;
				CLANG_WARN_DOCUMENTATION_COMMENTS = YES;
				CLANG_WARN_EMPTY_BODY = YES;
				CLANG_WARN_ENUM_CONVERSION = YES;
				CLANG_WARN_INFINITE_RECURSION = YES;
				CLANG_WARN_INT_CONVERSION = YES;
				CLANG_WARN_NON_LITERAL_NULL_CONVERSION = YES;
				CLANG_WARN_OBJC_IMPLICIT_RETAIN_SELF = YES;
				CLANG_WARN_OBJC_LITERAL_CONVERSION = YES;
				CLANG_WARN_OBJC_ROOT_CLASS = YES_ERROR;
				CLANG_WARN_QUOTED_INCLUDE_IN_FRAMEWORK_HEADER = YES;
				CLANG_WARN_RANGE_LOOP_ANALYSIS = YES;
				CLANG_WARN_STRICT_PROTOTYPES = YES;
				CLANG_WARN_SUSPICIOUS_MOVE = YES;
				CLANG_WARN_UNGUARDED_AVAILABILITY = YES_AGGRESSIVE;
				CLANG_WARN_UNREACHABLE_CODE = YES;
				CLANG_WARN__DUPLICATE_METHOD_MATCH = YES;
				COPY_PHASE_STRIP = NO;
				DEBUG_INFORMATION_FORMAT = "dwarf-with-dsym";
				ENABLE_NS_ASSERTIONS = NO;
				ENABLE_STRICT_OBJC_MSGSEND = YES;
				GCC_C_LANGUAGE_STANDARD = gnu11;
				GCC_NO_COMMON_BLOCKS = YES;
				GCC_WARN_64_TO_32_BIT_CONVERSION = YES;
				GCC_WARN_ABOUT_RETURN_TYPE = YES_ERROR;
				GCC_WARN_UNDECLARED_SELECTOR = YES;
				GCC_WARN_UNINITIALIZED_AUTOS = YES_AGGRESSIVE;
				GCC_WARN_UNUSED_FUNCTION = YES;
				GCC_WARN_UNUSED_VARIABLE = YES;
				IPHONEOS_DEPLOYMENT_TARGET = 16.4;
				MTL_ENABLE_DEBUG_INFO = NO;
				MTL_FAST_MATH = YES;
				SDKROOT = iphoneos;
				SWIFT_COMPILATION_MODE = wholemodule;
				SWIFT_OPTIMIZATION_LEVEL = "-O";
				VALIDATE_PRODUCT = YES;
			};
			name = Release;
		};
		E439BA552B6055EC00B27E82 /* Debug */ = {
			isa = XCBuildConfiguration;
			buildSettings = {
				ASSETCATALOG_COMPILER_APPICON_NAME = AppIcon;
				ASSETCATALOG_COMPILER_GLOBAL_ACCENT_COLOR_NAME = AccentColor;
				CODE_SIGN_STYLE = Automatic;
				CURRENT_PROJECT_VERSION = 1;
				DEVELOPMENT_TEAM = 338U6KBSVH;
				GENERATE_INFOPLIST_FILE = YES;
				INFOPLIST_FILE = SwiftDependencyInjc/Info.plist;
				INFOPLIST_KEY_UIApplicationSupportsIndirectInputEvents = YES;
				INFOPLIST_KEY_UILaunchStoryboardName = LaunchScreen;
				INFOPLIST_KEY_UIMainStoryboardFile = Main;
				INFOPLIST_KEY_UISupportedInterfaceOrientations_iPad = "UIInterfaceOrientationPortrait UIInterfaceOrientationPortraitUpsideDown UIInterfaceOrientationLandscapeLeft UIInterfaceOrientationLandscapeRight";
				INFOPLIST_KEY_UISupportedInterfaceOrientations_iPhone = "UIInterfaceOrientationPortrait UIInterfaceOrientationLandscapeLeft UIInterfaceOrientationLandscapeRight";
				LD_RUNPATH_SEARCH_PATHS = (
					"$(inherited)",
					"@executable_path/Frameworks",
				);
				MARKETING_VERSION = 1.0;
				PRODUCT_BUNDLE_IDENTIFIER = com.sulekaptan.SwiftDependencyInjc;
				PRODUCT_NAME = "$(TARGET_NAME)";
				SWIFT_EMIT_LOC_STRINGS = YES;
				SWIFT_VERSION = 5.0;
				TARGETED_DEVICE_FAMILY = "1,2";
			};
			name = Debug;
		};
		E439BA562B6055EC00B27E82 /* Release */ = {
			isa = XCBuildConfiguration;
			buildSettings = {
				ASSETCATALOG_COMPILER_APPICON_NAME = AppIcon;
				ASSETCATALOG_COMPILER_GLOBAL_ACCENT_COLOR_NAME = AccentColor;
				CODE_SIGN_STYLE = Automatic;
				CURRENT_PROJECT_VERSION = 1;
				DEVELOPMENT_TEAM = 338U6KBSVH;
				GENERATE_INFOPLIST_FILE = YES;
				INFOPLIST_FILE = SwiftDependencyInjc/Info.plist;
				INFOPLIST_KEY_UIApplicationSupportsIndirectInputEvents = YES;
				INFOPLIST_KEY_UILaunchStoryboardName = LaunchScreen;
				INFOPLIST_KEY_UIMainStoryboardFile = Main;
				INFOPLIST_KEY_UISupportedInterfaceOrientations_iPad = "UIInterfaceOrientationPortrait UIInterfaceOrientationPortraitUpsideDown UIInterfaceOrientationLandscapeLeft UIInterfaceOrientationLandscapeRight";
				INFOPLIST_KEY_UISupportedInterfaceOrientations_iPhone = "UIInterfaceOrientationPortrait UIInterfaceOrientationLandscapeLeft UIInterfaceOrientationLandscapeRight";
				LD_RUNPATH_SEARCH_PATHS = (
					"$(inherited)",
					"@executable_path/Frameworks",
				);
				MARKETING_VERSION = 1.0;
				PRODUCT_BUNDLE_IDENTIFIER = com.sulekaptan.SwiftDependencyInjc;
				PRODUCT_NAME = "$(TARGET_NAME)";
				SWIFT_EMIT_LOC_STRINGS = YES;
				SWIFT_VERSION = 5.0;
				TARGETED_DEVICE_FAMILY = "1,2";
			};
			name = Release;
		};
/* End XCBuildConfiguration section */

/* Begin XCConfigurationList section */
		E439BA3B2B6055EB00B27E82 /* Build configuration list for PBXProject "SwiftDependencyInjc" */ = {
			isa = XCConfigurationList;
			buildConfigurations = (
				E439BA522B6055EC00B27E82 /* Debug */,
				E439BA532B6055EC00B27E82 /* Release */,
			);
			defaultConfigurationIsVisible = 0;
			defaultConfigurationName = Release;
		};
		E439BA542B6055EC00B27E82 /* Build configuration list for PBXNativeTarget "SwiftDependencyInjc" */ = {
			isa = XCConfigurationList;
			buildConfigurations = (
				E439BA552B6055EC00B27E82 /* Debug */,
				E439BA562B6055EC00B27E82 /* Release */,
			);
			defaultConfigurationIsVisible = 0;
			defaultConfigurationName = Release;
		};
/* End XCConfigurationList section */

/* Begin XCRemoteSwiftPackageReference section */
		E439BA572B60563400B27E82 /* XCRemoteSwiftPackageReference "Swinject" */ = {
			isa = XCRemoteSwiftPackageReference;
			repositoryURL = "https://github.com/Swinject/Swinject.git";
			requirement = {
				kind = upToNextMajorVersion;
				minimumVersion = 2.0.0;
			};
		};
/* End XCRemoteSwiftPackageReference section */

/* Begin XCSwiftPackageProductDependency section */
		E439BA582B60563400B27E82 /* Swinject */ = {
			isa = XCSwiftPackageProductDependency;
			package = E439BA572B60563400B27E82 /* XCRemoteSwiftPackageReference "Swinject" */;
			productName = Swinject;
		};
/* End XCSwiftPackageProductDependency section */
	};
	rootObject = E439BA382B6055EB00B27E82 /* Project object */;
}
